<?xml version="1.0" encoding="utf-8"?>
<Project ToolsVersion="4.0" xmlns="http://schemas.microsoft.com/developer/msbuild/2003">
  <ItemGroup>
    <Filter Include="Core">
      <UniqueIdentifier>{db72b46a-f30f-40c4-88ea-1e330246dd7d}</UniqueIdentifier>
    </Filter>
    <Filter Include="PreCompile">
      <UniqueIdentifier>{a2c3a0c9-1fbe-4ae0-a7ba-b3f70d0a5b3e}</UniqueIdentifier>
    </Filter>
    <Filter Include="Level">
      <UniqueIdentifier>{595c9141-15f1-4e68-b1df-531274511814}</UniqueIdentifier>
    </Filter>
    <Filter Include="Option">
      <UniqueIdentifier>{0a1e54c0-faf8-4c3f-9539-10411c69114a}</UniqueIdentifier>
    </Filter>
    <Filter Include="Protocol">
      <UniqueIdentifier>{d0df054d-24fa-44d8-80bb-06c7c7bdefde}</UniqueIdentifier>
    </Filter>
    <Filter Include="Level\TestLevel">
      <UniqueIdentifier>{ad9f5a44-a1f3-4c33-b2f2-6408edce1ca0}</UniqueIdentifier>
    </Filter>
    <Filter Include="Level\TestLevel\TestActor">
      <UniqueIdentifier>{c213add4-7f51-46d6-aac2-7606d4c3e8a5}</UniqueIdentifier>
    </Filter>
    <Filter Include="Level\PlayertestLevel">
      <UniqueIdentifier>{49626b81-3770-40e8-8b45-80b13a7179c3}</UniqueIdentifier>
    </Filter>
    <Filter Include="Level\UItestLevel">
      <UniqueIdentifier>{9937a63d-b3e3-492c-86b6-40eb30b86bd1}</UniqueIdentifier>
    </Filter>
    <Filter Include="Map">
      <UniqueIdentifier>{e05e44d8-db11-43e8-a653-959cb251aecf}</UniqueIdentifier>
    </Filter>
    <Filter Include="Map\Village">
      <UniqueIdentifier>{f0750db5-0603-4514-a0c1-8bd966b03073}</UniqueIdentifier>
    </Filter>
    <Filter Include="ContentsGUI">
      <UniqueIdentifier>{ac74c9ac-ebcf-4bad-9eee-79fb3e2cdfb6}</UniqueIdentifier>
    </Filter>
    <Filter Include="MapObject">
      <UniqueIdentifier>{3cc13eae-3888-4ffd-8171-5eb9f54abaa2}</UniqueIdentifier>
    </Filter>
    <Filter Include="Level\PlayertestLevel\Actor">
      <UniqueIdentifier>{bf2180e4-bb01-45f4-8efb-298acaf5722a}</UniqueIdentifier>
    </Filter>
    <Filter Include="Map\Debug">
      <UniqueIdentifier>{32d5609f-fb42-44be-a167-7333da739bcc}</UniqueIdentifier>
    </Filter>
    <Filter Include="Map\Camp">
      <UniqueIdentifier>{7bb02701-73e1-48c9-bfb3-860f5c889d97}</UniqueIdentifier>
    </Filter>
    <Filter Include="Level\MainLevel">
      <UniqueIdentifier>{0cfefc0a-afca-477a-b165-c5fe30c8c993}</UniqueIdentifier>
    </Filter>
    <Filter Include="Object">
      <UniqueIdentifier>{338152c8-a708-484e-bde0-4313c8ebba67}</UniqueIdentifier>
    </Filter>
    <Filter Include="MapObject\Block">
      <UniqueIdentifier>{437f5415-8d39-4782-83b3-00225467a750}</UniqueIdentifier>
    </Filter>
    <Filter Include="MapObject\MoveBlock">
      <UniqueIdentifier>{82eddbd3-8ea2-409f-8d2d-c4e6f60796aa}</UniqueIdentifier>
    </Filter>
    <Filter Include="MapObject\Block\CampBlock">
      <UniqueIdentifier>{1145bd0a-29b7-4e09-a16e-4954f44a19a6}</UniqueIdentifier>
    </Filter>
    <Filter Include="MapObject\MoveBlock\CampMoveBlock">
      <UniqueIdentifier>{6f4636d5-c4e8-4088-a3fc-23fdb34859f3}</UniqueIdentifier>
    </Filter>
    <Filter Include="MapObject\Block\DummyBlock">
      <UniqueIdentifier>{a1c84696-382a-4c01-b8e3-63fe528da440}</UniqueIdentifier>
    </Filter>
    <Filter Include="Level\Surver">
      <UniqueIdentifier>{14a3b2a9-adba-4bb5-ba15-2fe5027b6eae}</UniqueIdentifier>
    </Filter>
    <Filter Include="Level\Surver\SubServerLevel">
      <UniqueIdentifier>{8c31784e-4ac2-4a50-b20e-6953ad591546}</UniqueIdentifier>
    </Filter>
    <Filter Include="Level\Surver\ServerLevel">
      <UniqueIdentifier>{fd9a87db-12e7-4d75-bc20-b94b6e189b49}</UniqueIdentifier>
    </Filter>
    <Filter Include="Level\Surver\PublicOBJ">
      <UniqueIdentifier>{149b30b1-88f3-4ac2-b507-696641148050}</UniqueIdentifier>
    </Filter>
    <Filter Include="Level\Surver\PublicOBJ\Test">
      <UniqueIdentifier>{2f2ff1b3-fda1-42ca-9c60-065fde88a1f6}</UniqueIdentifier>
    </Filter>
    <Filter Include="MapObject\Component">
      <UniqueIdentifier>{0b287165-7af3-4f8f-bf45-a931751e2418}</UniqueIdentifier>
    </Filter>
    <Filter Include="Item">
      <UniqueIdentifier>{202aa6e6-6bd0-4aad-beff-703e9a9a5580}</UniqueIdentifier>
    </Filter>
    <Filter Include="MainGameLevel">
      <UniqueIdentifier>{709f3459-cf50-4ec0-8d39-17fd34e73c14}</UniqueIdentifier>
    </Filter>
    <Filter Include="MainGameLevel\Intro">
      <UniqueIdentifier>{c5ec79db-fee8-4c99-a4f9-c43ee99318aa}</UniqueIdentifier>
    </Filter>
    <Filter Include="MainGameLevel\Lobby">
      <UniqueIdentifier>{e8b38b9b-5555-4285-97e8-c1ffe29b05fd}</UniqueIdentifier>
    </Filter>
    <Filter Include="MapObject\MoveBlock\CampHpBlock">
      <UniqueIdentifier>{76bd974b-6be3-4d9d-bc97-6fc4077f063b}</UniqueIdentifier>
    </Filter>
    <Filter Include="MapObject\HideBlock">
      <UniqueIdentifier>{977ca052-993d-4aae-978b-21d340e48be2}</UniqueIdentifier>
    </Filter>
  </ItemGroup>
  <ItemGroup>
    <ClInclude Include="PreCompile.h">
      <Filter>PreCompile</Filter>
    </ClInclude>
    <ClInclude Include="ContentsEnum.h">
      <Filter>Option</Filter>
    </ClInclude>
    <ClInclude Include="ServerGameMode.h">
      <Filter>Level\Surver\ServerLevel</Filter>
    </ClInclude>
    <ClInclude Include="Packets.h">
      <Filter>Protocol</Filter>
    </ClInclude>
    <ClInclude Include="Game_Core.h">
      <Filter>Core</Filter>
    </ClInclude>
    <ClInclude Include="TestGameMode.h">
      <Filter>Level\TestLevel</Filter>
    </ClInclude>
    <ClInclude Include="PlayertestMode.h">
      <Filter>Level\PlayertestLevel</Filter>
    </ClInclude>
    <ClInclude Include="UitestMonde.h">
      <Filter>Level\UItestLevel</Filter>
    </ClInclude>
    <ClInclude Include="BaseMap.h">
      <Filter>Map</Filter>
    </ClInclude>
    <ClInclude Include="Village.h">
      <Filter>Map\Village</Filter>
    </ClInclude>
    <ClInclude Include="ContentsDebugWindow.h">
      <Filter>ContentsGUI</Filter>
    </ClInclude>
    <ClInclude Include="MapObject.h">
      <Filter>MapObject</Filter>
    </ClInclude>
    <ClInclude Include="Player.h">
      <Filter>Level\PlayertestLevel\Actor</Filter>
    </ClInclude>
    <ClInclude Include="TitleMenu.h">
      <Filter>Level\UItestLevel</Filter>
    </ClInclude>
    <ClInclude Include="Intro.h">
      <Filter>Level\UItestLevel</Filter>
    </ClInclude>
    <ClInclude Include="MapUI.h">
      <Filter>Level\UItestLevel</Filter>
    </ClInclude>
    <ClInclude Include="PlayLobby.h">
      <Filter>Level\UItestLevel</Filter>
    </ClInclude>
    <ClInclude Include="Block.h">
      <Filter>MapObject</Filter>
    </ClInclude>
    <ClInclude Include="WaterCourse.h">
      <Filter>MapObject</Filter>
    </ClInclude>
    <ClInclude Include="WaterBomb.h">
      <Filter>MapObject</Filter>
    </ClInclude>
    <ClInclude Include="MapDebugGUI.h">
      <Filter>Map\Debug</Filter>
    </ClInclude>
    <ClInclude Include="Camp.h">
      <Filter>Map\Camp</Filter>
    </ClInclude>
    <ClInclude Include="MainGameMode.h">
      <Filter>Level\MainLevel</Filter>
    </ClInclude>
    <ClInclude Include="SubServerLevel.h">
      <Filter>Level\Surver\SubServerLevel</Filter>
    </ClInclude>
    <ClInclude Include="CAGameMode.h">
      <Filter>Level</Filter>
    </ClInclude>
    <ClInclude Include="ConstValue.h">
      <Filter>Option</Filter>
    </ClInclude>
    <ClInclude Include="CAObject.h">
      <Filter>Object</Filter>
    </ClInclude>
    <ClInclude Include="Player_Shadow.h">
      <Filter>Level\PlayertestLevel\Actor</Filter>
    </ClInclude>
    <ClInclude Include="CampMoveBlock1.h">
      <Filter>MapObject\MoveBlock\CampMoveBlock</Filter>
    </ClInclude>
    <ClInclude Include="DummyBlock.h">
      <Filter>MapObject\Block\DummyBlock</Filter>
    </ClInclude>
    <ClInclude Include="OtherBomb.h">
      <Filter>Level\Surver\PublicOBJ</Filter>
    </ClInclude>
    <ClInclude Include="NetInterface.h">
      <Filter>Level\Surver\PublicOBJ</Filter>
    </ClInclude>
    <ClInclude Include="OtherPlayer.h">
      <Filter>Level\Surver\PublicOBJ</Filter>
    </ClInclude>
    <ClInclude Include="ServerPlayer.h">
      <Filter>Level\Surver\PublicOBJ</Filter>
    </ClInclude>
    <ClInclude Include="TestLobbyMode.h">
      <Filter>Level\Surver\ServerLevel</Filter>
    </ClInclude>
    <ClInclude Include="TestLobbyPlayer.h">
      <Filter>Level\Surver\PublicOBJ\Test</Filter>
    </ClInclude>
    <ClInclude Include="ServerTestPlayer.h">
      <Filter>Level\Surver\PublicOBJ\Test</Filter>
    </ClInclude>
    <ClInclude Include="SendPacketManager.h">
      <Filter>Level\Surver\ServerLevel</Filter>
    </ClInclude>
    <ClInclude Include="MoveObject.h">
      <Filter>MapObject\Component</Filter>
    </ClInclude>
    <ClInclude Include="BreakObject.h">
      <Filter>MapObject\Component</Filter>
    </ClInclude>
    <ClInclude Include="Item.h">
      <Filter>Item</Filter>
    </ClInclude>
    <ClInclude Include="ItemBubble.h">
      <Filter>Item</Filter>
    </ClInclude>
    <ClInclude Include="ItemNiddle.h">
      <Filter>Item</Filter>
    </ClInclude>
    <ClInclude Include="ItemOwl.h">
      <Filter>Item</Filter>
    </ClInclude>
    <ClInclude Include="ItemRoller.h">
      <Filter>Item</Filter>
    </ClInclude>
    <ClInclude Include="ItemFluid.h">
      <Filter>Item</Filter>
    </ClInclude>
    <ClInclude Include="ItemShoes.h">
      <Filter>Item</Filter>
    </ClInclude>
    <ClInclude Include="ItemTurtle.h">
      <Filter>Item</Filter>
    </ClInclude>
    <ClInclude Include="IntroMainMode.h">
      <Filter>MainGameLevel\Intro</Filter>
    </ClInclude>
    <ClInclude Include="LobbyMainMode.h">
      <Filter>MainGameLevel\Lobby</Filter>
    </ClInclude>
    <ClInclude Include="ContentsMainDebugWin.h">
      <Filter>ContentsGUI</Filter>
    </ClInclude>
    <ClInclude Include="CampHpBlock.h">
      <Filter>MapObject\MoveBlock\CampHpBlock</Filter>
    </ClInclude>
    <ClInclude Include="CampBlock1.h">
      <Filter>MapObject\Block\CampBlock</Filter>
    </ClInclude>
    <ClInclude Include="OtherWaterCourse.h">
      <Filter>Level\Surver\PublicOBJ</Filter>
    </ClInclude>
    <ClInclude Include="Bush.h">
      <Filter>MapObject\HideBlock</Filter>
    </ClInclude>
    <ClInclude Include="TownBush.h">
      <Filter>MapObject\HideBlock</Filter>
    </ClInclude>
    <ClInclude Include="OtherUI.h">
      <Filter>Level\Surver\PublicOBJ</Filter>
    </ClInclude>
    <ClInclude Include="MapStateValue.h">
      <Filter>Option</Filter>
    </ClInclude>
    <ClInclude Include="ServerTestOtherPlayer.h">
      <Filter>Level\Surver\PublicOBJ\Test</Filter>
    </ClInclude>
    <ClInclude Include="TestPackets.h">
      <Filter>Level\Surver\PublicOBJ\Test</Filter>
    </ClInclude>
  </ItemGroup>
  <ItemGroup>
    <ClCompile Include="PreCompile.cpp">
      <Filter>PreCompile</Filter>
    </ClCompile>
    <ClCompile Include="ServerGameMode.cpp">
      <Filter>Level\Surver\ServerLevel</Filter>
    </ClCompile>
    <ClCompile Include="Packets.cpp">
      <Filter>Protocol</Filter>
    </ClCompile>
    <ClCompile Include="Game_Core.cpp">
      <Filter>Core</Filter>
    </ClCompile>
    <ClCompile Include="TestGameMode.cpp">
      <Filter>Level\TestLevel</Filter>
    </ClCompile>
    <ClCompile Include="PlayertestMode.cpp">
      <Filter>Level\PlayertestLevel</Filter>
    </ClCompile>
    <ClCompile Include="UitestMonde.cpp">
      <Filter>Level\UItestLevel</Filter>
    </ClCompile>
    <ClCompile Include="BaseMap.cpp">
      <Filter>Map</Filter>
    </ClCompile>
    <ClCompile Include="Village.cpp">
      <Filter>Map\Village</Filter>
    </ClCompile>
    <ClCompile Include="ContentsDebugWindow.cpp">
      <Filter>ContentsGUI</Filter>
    </ClCompile>
    <ClCompile Include="MapObject.cpp">
      <Filter>MapObject</Filter>
    </ClCompile>
    <ClCompile Include="Player.cpp">
      <Filter>Level\PlayertestLevel\Actor</Filter>
    </ClCompile>
    <ClCompile Include="Player_State.cpp">
      <Filter>Level\PlayertestLevel\Actor</Filter>
    </ClCompile>
    <ClCompile Include="TitleMenu.cpp">
      <Filter>Level\UItestLevel</Filter>
    </ClCompile>
    <ClCompile Include="Intro.cpp">
      <Filter>Level\UItestLevel</Filter>
    </ClCompile>
    <ClCompile Include="MapUI.cpp">
      <Filter>Level\UItestLevel</Filter>
    </ClCompile>
    <ClCompile Include="PlayLobby.cpp">
      <Filter>Level\UItestLevel</Filter>
    </ClCompile>
    <ClCompile Include="Block.cpp">
      <Filter>MapObject</Filter>
    </ClCompile>
    <ClCompile Include="WaterCourse.cpp">
      <Filter>MapObject</Filter>
    </ClCompile>
    <ClCompile Include="WaterBomb.cpp">
      <Filter>MapObject</Filter>
    </ClCompile>
    <ClCompile Include="MapDebugGUI.cpp">
      <Filter>Map\Debug</Filter>
    </ClCompile>
    <ClCompile Include="Camp.cpp">
      <Filter>Map\Camp</Filter>
    </ClCompile>
    <ClCompile Include="MainGameMode.cpp">
      <Filter>Level\MainLevel</Filter>
    </ClCompile>
    <ClCompile Include="SubServerLevel.cpp">
      <Filter>Level\Surver\SubServerLevel</Filter>
    </ClCompile>
    <ClCompile Include="CAGameMode.cpp">
      <Filter>Level</Filter>
    </ClCompile>
    <ClCompile Include="ConstValue.cpp">
      <Filter>Option</Filter>
    </ClCompile>
    <ClCompile Include="CAObject.cpp" />
    <ClCompile Include="NetInterface.cpp" />
    <ClCompile Include="Player_Shadow.cpp">
      <Filter>Level\PlayertestLevel\Actor</Filter>
    </ClCompile>
    <ClCompile Include="CAObject.cpp">
      <Filter>Object</Filter>
    </ClCompile>
    <ClCompile Include="DummyBlock.cpp">
      <Filter>MapObject\Block\DummyBlock</Filter>
    </ClCompile>
    <ClCompile Include="OtherBomb.cpp">
      <Filter>Level\Surver\PublicOBJ</Filter>
    </ClCompile>
    <ClCompile Include="NetInterface.cpp">
      <Filter>Level\Surver\PublicOBJ</Filter>
    </ClCompile>
    <ClCompile Include="OtherPlayer.cpp">
      <Filter>Level\Surver\PublicOBJ</Filter>
    </ClCompile>
    <ClCompile Include="ServerPlayer.cpp">
      <Filter>Level\Surver\PublicOBJ</Filter>
    </ClCompile>
    <ClCompile Include="TestLobbyMode.cpp">
      <Filter>Level\Surver\ServerLevel</Filter>
    </ClCompile>
    <ClCompile Include="TestLobbyPlayer.cpp">
      <Filter>Level\Surver\PublicOBJ\Test</Filter>
    </ClCompile>
    <ClCompile Include="CampMoveBlock1.cpp">
      <Filter>MapObject\MoveBlock\CampMoveBlock</Filter>
    </ClCompile>
    <ClCompile Include="CampBlock1.cpp">
      <Filter>MapObject\Block\CampBlock</Filter>
    </ClCompile>
    <ClCompile Include="ServerTestPlayer.cpp">
      <Filter>Level\Surver\PublicOBJ\Test</Filter>
    </ClCompile>
    <ClCompile Include="SendPacketManager.cpp">
      <Filter>Level\Surver\ServerLevel</Filter>
    </ClCompile>
    <ClCompile Include="MoveObject.cpp">
      <Filter>MapObject\Component</Filter>
    </ClCompile>
    <ClCompile Include="BreakObject.cpp">
      <Filter>MapObject\Component</Filter>
    </ClCompile>
    <ClCompile Include="Item.cpp">
      <Filter>Item</Filter>
    </ClCompile>
    <ClCompile Include="ItemBubble.cpp">
      <Filter>Item</Filter>
    </ClCompile>
    <ClCompile Include="ItemNiddle.cpp">
      <Filter>Item</Filter>
    </ClCompile>
    <ClCompile Include="ItemOwl.cpp">
      <Filter>Item</Filter>
    </ClCompile>
    <ClCompile Include="ItemRoller.cpp">
      <Filter>Item</Filter>
    </ClCompile>
    <ClCompile Include="ItemFluid.cpp">
      <Filter>Item</Filter>
    </ClCompile>
    <ClCompile Include="ItemShoes.cpp">
      <Filter>Item</Filter>
    </ClCompile>
    <ClCompile Include="ItemTurtle.cpp">
      <Filter>Item</Filter>
    </ClCompile>
    <ClCompile Include="IntroMainMode.cpp">
      <Filter>MainGameLevel\Intro</Filter>
    </ClCompile>
    <ClCompile Include="LobbyMainMode.cpp">
      <Filter>MainGameLevel\Lobby</Filter>
    </ClCompile>
    <ClCompile Include="ContentsMainDebugWin.cpp">
      <Filter>ContentsGUI</Filter>
    </ClCompile>
    <ClCompile Include="CampHpBlock.cpp">
      <Filter>MapObject\MoveBlock\CampHpBlock</Filter>
    </ClCompile>
    <ClCompile Include="OtherWaterCourse.cpp">
      <Filter>Level\Surver\PublicOBJ</Filter>
    </ClCompile>
    <ClCompile Include="Bush.cpp">
      <Filter>MapObject\HideBlock</Filter>
    </ClCompile>
    <ClCompile Include="TownBush.cpp">
      <Filter>MapObject\HideBlock</Filter>
    </ClCompile>
    <ClCompile Include="OtherUI.cpp">
      <Filter>Level\Surver\PublicOBJ</Filter>
    </ClCompile>
    <ClCompile Include="MapStateValue.cpp">
      <Filter>Option</Filter>
    </ClCompile>
    <ClCompile Include="ServerTestOtherPlayer.cpp">
      <Filter>Level\Surver\PublicOBJ\Test</Filter>
    </ClCompile>
    <ClCompile Include="TestPackets.cpp">
      <Filter>Level\Surver\PublicOBJ\Test</Filter>
    </ClCompile>
  </ItemGroup>
</Project>