<?xml version="1.0" encoding="utf-8"?>
<Project ToolsVersion="4.0" xmlns="http://schemas.microsoft.com/developer/msbuild/2003">
  <ItemGroup>
    <ClCompile Include="BaseMap.cpp" />
    <ClCompile Include="Block.cpp" />
    <ClCompile Include="BrokenBlock.cpp" />
    <ClCompile Include="CAGameMode.cpp" />
    <ClCompile Include="Camp.cpp" />
    <ClCompile Include="CampBlock.cpp" />
    <ClCompile Include="CAObject.cpp" />
    <ClCompile Include="ContentsDebugWindow.cpp" />
    <ClCompile Include="Game_Core.cpp" />
    <ClCompile Include="Intro.cpp" />
    <ClCompile Include="MainGameMode.cpp" />
    <ClCompile Include="MapDebugGUI.cpp" />
    <ClCompile Include="MapObject.cpp" />
    <ClCompile Include="MapSpriteObject.cpp" />
    <ClCompile Include="NetInterface.cpp" />
    <ClCompile Include="OtherPlayer.cpp" />
    <ClCompile Include="Packets.cpp" />
    <ClCompile Include="Player.cpp" />
    <ClCompile Include="PlayertestMode.cpp" />
    <ClCompile Include="Player_Shadow.cpp" />
    <ClCompile Include="Player_State.cpp" />
    <ClCompile Include="PlayLobby.cpp" />
    <ClCompile Include="PreCompile.cpp" />
    <ClCompile Include="ServerGameMode.cpp" />
    <ClCompile Include="ServerPlayer.cpp" />
    <ClCompile Include="MapUI.cpp" />
    <ClCompile Include="SubServerLevel.cpp" />
    <ClCompile Include="TestGameMode.cpp" />
    <ClCompile Include="TitleMenu.cpp" />
    <ClCompile Include="UitestMonde.cpp" />
    <ClCompile Include="Village.cpp" />
    <ClCompile Include="WaterBomb.cpp" />
    <ClCompile Include="WaterCourse.cpp" />
    <ClCompile Include="ConstValue.cpp" />
    <ClCompile Include="MoveBlock.cpp" />
  </ItemGroup>
  <ItemGroup>
    <ClInclude Include="BaseMap.h" />
    <ClInclude Include="Block.h" />
    <ClInclude Include="BrokenBlock.h" />
    <ClInclude Include="CAGameMode.h" />
    <ClInclude Include="Camp.h" />
    <ClInclude Include="CampBlock.h" />
    <ClInclude Include="CAObject.h" />
    <ClInclude Include="ConstValue.h" />
    <ClInclude Include="ContentsDebugWindow.h" />
    <ClInclude Include="Game_Core.h" />
    <ClInclude Include="Intro.h" />
    <ClInclude Include="MainGameMode.h" />
    <ClInclude Include="MapDebugGUI.h" />
    <ClInclude Include="MapObject.h" />
    <ClInclude Include="MapSpriteObject.h" />
    <ClInclude Include="NetInterface.h" />
    <ClInclude Include="OtherPlayer.h" />
    <ClInclude Include="Packets.h" />
    <ClInclude Include="ContentsEnum.h" />
    <ClInclude Include="Player.h" />
    <ClInclude Include="PlayertestMode.h" />
    <ClInclude Include="Player_Shadow.h" />
    <ClInclude Include="PlayLobby.h" />
    <ClInclude Include="PreCompile.h" />
    <ClInclude Include="ServerGameMode.h" />
    <ClInclude Include="ServerPlayer.h" />
    <ClInclude Include="MapUI.h" />
    <ClInclude Include="SubServerLevel.h" />
    <ClInclude Include="TestGameMode.h" />
    <ClInclude Include="TitleMenu.h" />
    <ClInclude Include="UitestMonde.h" />
    <ClInclude Include="Village.h" />
    <ClInclude Include="WaterBomb.h" />
    <ClInclude Include="WaterCourse.h" />
    <ClInclude Include="MoveBlock.h" />
  </ItemGroup>
</Project>