<?xml version="1.0" encoding="utf-8"?>
<Project ToolsVersion="4.0" xmlns="http://schemas.microsoft.com/developer/msbuild/2003">
  <ItemGroup>
    <Filter Include="Core">
      <UniqueIdentifier>{db72b46a-f30f-40c4-88ea-1e330246dd7d}</UniqueIdentifier>
    </Filter>
    <Filter Include="PreCompile">
      <UniqueIdentifier>{a2c3a0c9-1fbe-4ae0-a7ba-b3f70d0a5b3e}</UniqueIdentifier>
    </Filter>
    <Filter Include="Level">
      <UniqueIdentifier>{595c9141-15f1-4e68-b1df-531274511814}</UniqueIdentifier>
    </Filter>
    <Filter Include="Option">
      <UniqueIdentifier>{0a1e54c0-faf8-4c3f-9539-10411c69114a}</UniqueIdentifier>
    </Filter>
    <Filter Include="Level\ServerLevel">
      <UniqueIdentifier>{fd9a87db-12e7-4d75-bc20-b94b6e189b49}</UniqueIdentifier>
    </Filter>
    <Filter Include="Protocol">
      <UniqueIdentifier>{d0df054d-24fa-44d8-80bb-06c7c7bdefde}</UniqueIdentifier>
    </Filter>
    <Filter Include="Level\TestLevel">
      <UniqueIdentifier>{ad9f5a44-a1f3-4c33-b2f2-6408edce1ca0}</UniqueIdentifier>
    </Filter>
    <Filter Include="Level\TestLevel\TestActor">
      <UniqueIdentifier>{c213add4-7f51-46d6-aac2-7606d4c3e8a5}</UniqueIdentifier>
    </Filter>
    <Filter Include="Level\PlayertestLevel">
      <UniqueIdentifier>{49626b81-3770-40e8-8b45-80b13a7179c3}</UniqueIdentifier>
    </Filter>
    <Filter Include="Level\UItestLevel">
      <UniqueIdentifier>{9937a63d-b3e3-492c-86b6-40eb30b86bd1}</UniqueIdentifier>
    </Filter>
    <Filter Include="Map">
      <UniqueIdentifier>{e05e44d8-db11-43e8-a653-959cb251aecf}</UniqueIdentifier>
    </Filter>
    <Filter Include="Map\Village">
      <UniqueIdentifier>{f0750db5-0603-4514-a0c1-8bd966b03073}</UniqueIdentifier>
    </Filter>
    <Filter Include="ContentsGUI">
      <UniqueIdentifier>{ac74c9ac-ebcf-4bad-9eee-79fb3e2cdfb6}</UniqueIdentifier>
    </Filter>
    <Filter Include="MapObject">
      <UniqueIdentifier>{3cc13eae-3888-4ffd-8171-5eb9f54abaa2}</UniqueIdentifier>
    </Filter>
    <Filter Include="Level\PlayertestLevel\Actor">
      <UniqueIdentifier>{bf2180e4-bb01-45f4-8efb-298acaf5722a}</UniqueIdentifier>
    </Filter>
    <Filter Include="Map\Debug">
      <UniqueIdentifier>{32d5609f-fb42-44be-a167-7333da739bcc}</UniqueIdentifier>
    </Filter>
    <Filter Include="Map\Camp">
      <UniqueIdentifier>{7bb02701-73e1-48c9-bfb3-860f5c889d97}</UniqueIdentifier>
    </Filter>
    <Filter Include="Level\MainLevel">
      <UniqueIdentifier>{0cfefc0a-afca-477a-b165-c5fe30c8c993}</UniqueIdentifier>
    </Filter>
    <Filter Include="Level\SubServerLevel">
      <UniqueIdentifier>{8c31784e-4ac2-4a50-b20e-6953ad591546}</UniqueIdentifier>
    </Filter>
    <Filter Include="Object">
      <UniqueIdentifier>{338152c8-a708-484e-bde0-4313c8ebba67}</UniqueIdentifier>
    </Filter>
    <Filter Include="MapObject\Block">
      <UniqueIdentifier>{437f5415-8d39-4782-83b3-00225467a750}</UniqueIdentifier>
    </Filter>
    <Filter Include="MapObject\MoveBlock">
      <UniqueIdentifier>{82eddbd3-8ea2-409f-8d2d-c4e6f60796aa}</UniqueIdentifier>
    </Filter>
    <Filter Include="MapObject\Block\CampBlock">
      <UniqueIdentifier>{1145bd0a-29b7-4e09-a16e-4954f44a19a6}</UniqueIdentifier>
    </Filter>
    <Filter Include="MapObject\MoveBlock\CampMoveBlock">
      <UniqueIdentifier>{6f4636d5-c4e8-4088-a3fc-23fdb34859f3}</UniqueIdentifier>
    </Filter>
    <Filter Include="MapObject\Item">
      <UniqueIdentifier>{a62c0951-a00b-4530-ae3e-97248b0fe3a9}</UniqueIdentifier>
    </Filter>
    <Filter Include="Level\ServerLevel\Test">
      <UniqueIdentifier>{99371aa4-b2d2-4f4c-aa56-f2ea777b40df}</UniqueIdentifier>
    </Filter>
  </ItemGroup>
  <ItemGroup>
    <ClInclude Include="PreCompile.h">
      <Filter>PreCompile</Filter>
    </ClInclude>
    <ClInclude Include="ContentsEnum.h">
      <Filter>Option</Filter>
    </ClInclude>
    <ClInclude Include="ServerPlayer.h">
      <Filter>Level\ServerLevel</Filter>
    </ClInclude>
    <ClInclude Include="Packets.h">
      <Filter>Protocol</Filter>
    </ClInclude>
    <ClInclude Include="OtherPlayer.h">
      <Filter>Level\ServerLevel</Filter>
    </ClInclude>
    <ClInclude Include="Game_Core.h">
      <Filter>Core</Filter>
    </ClInclude>
    <ClInclude Include="TestGameMode.h">
      <Filter>Level\TestLevel</Filter>
    </ClInclude>
    <ClInclude Include="PlayertestMode.h">
      <Filter>Level\PlayertestLevel</Filter>
    </ClInclude>
    <ClInclude Include="UitestMonde.h">
      <Filter>Level\UItestLevel</Filter>
    </ClInclude>
    <ClInclude Include="BaseMap.h">
      <Filter>Map</Filter>
    </ClInclude>
    <ClInclude Include="Village.h">
      <Filter>Map\Village</Filter>
    </ClInclude>
    <ClInclude Include="ContentsDebugWindow.h">
      <Filter>ContentsGUI</Filter>
    </ClInclude>
    <ClInclude Include="MapObject.h">
      <Filter>MapObject</Filter>
    </ClInclude>
    <ClInclude Include="Player.h">
      <Filter>Level\PlayertestLevel\Actor</Filter>
    </ClInclude>
    <ClInclude Include="TitleMenu.h">
      <Filter>Level\UItestLevel</Filter>
    </ClInclude>
    <ClInclude Include="Intro.h">
      <Filter>Level\UItestLevel</Filter>
    </ClInclude>
    <ClInclude Include="MapUI.h">
      <Filter>Level\UItestLevel</Filter>
    </ClInclude>
    <ClInclude Include="PlayLobby.h">
      <Filter>Level\UItestLevel</Filter>
    </ClInclude>
    <ClInclude Include="MapSpriteObject.h">
      <Filter>MapObject</Filter>
    </ClInclude>
    <ClInclude Include="BrokenBlock.h">
      <Filter>MapObject</Filter>
    </ClInclude>
    <ClInclude Include="WaterCourse.h">
      <Filter>MapObject</Filter>
    </ClInclude>
    <ClInclude Include="WaterBomb.h">
      <Filter>MapObject</Filter>
    </ClInclude>
    <ClInclude Include="MapDebugGUI.h">
      <Filter>Map\Debug</Filter>
    </ClInclude>
    <ClInclude Include="Camp.h">
      <Filter>Map\Camp</Filter>
    </ClInclude>
    <ClInclude Include="MainGameMode.h">
      <Filter>Level\MainLevel</Filter>
    </ClInclude>
    <ClInclude Include="SubServerLevel.h">
      <Filter>Level\SubServerLevel</Filter>
    </ClInclude>
    <ClInclude Include="CAGameMode.h">
      <Filter>Level</Filter>
    </ClInclude>
    <ClInclude Include="ConstValue.h">
      <Filter>Option</Filter>
    </ClInclude>
    <ClInclude Include="CAObject.h">
      <Filter>Object</Filter>
    </ClInclude>
    <ClInclude Include="NetInterface.h">
      <Filter>Level\ServerLevel</Filter>
    </ClInclude>
    <ClInclude Include="Player_Shadow.h">
      <Filter>Level\PlayertestLevel\Actor</Filter>
    </ClInclude>
    <ClInclude Include="Block.h">
      <Filter>MapObject\Block</Filter>
    </ClInclude>
    <ClInclude Include="MoveBlock.h">
      <Filter>MapObject\MoveBlock</Filter>
    </ClInclude>
    <ClInclude Include="CampBlock.h">
      <Filter>MapObject\Block\CampBlock</Filter>
    </ClInclude>
    <ClInclude Include="CampMoveBlock.h">
      <Filter>MapObject\MoveBlock\CampMoveBlock</Filter>
    </ClInclude>
    <ClInclude Include="Item.h">
      <Filter>MapObject\Item</Filter>
    </ClInclude>
    <ClInclude Include="ItemBubble.h">
      <Filter>MapObject\Item</Filter>
    </ClInclude>
    <ClInclude Include="TestLobbyMode.h">
      <Filter>Level\ServerLevel\Test</Filter>
    </ClInclude>
    <ClInclude Include="ServerGameMode.h">
      <Filter>Level\ServerLevel\Test</Filter>
    </ClInclude>
  </ItemGroup>
  <ItemGroup>
    <ClCompile Include="PreCompile.cpp">
      <Filter>PreCompile</Filter>
    </ClCompile>
    <ClCompile Include="ServerPlayer.cpp">
      <Filter>Level\ServerLevel</Filter>
    </ClCompile>
    <ClCompile Include="Packets.cpp">
      <Filter>Protocol</Filter>
    </ClCompile>
    <ClCompile Include="OtherPlayer.cpp">
      <Filter>Level\ServerLevel</Filter>
    </ClCompile>
    <ClCompile Include="Game_Core.cpp">
      <Filter>Core</Filter>
    </ClCompile>
    <ClCompile Include="TestGameMode.cpp">
      <Filter>Level\TestLevel</Filter>
    </ClCompile>
    <ClCompile Include="PlayertestMode.cpp">
      <Filter>Level\PlayertestLevel</Filter>
    </ClCompile>
    <ClCompile Include="UitestMonde.cpp">
      <Filter>Level\UItestLevel</Filter>
    </ClCompile>
    <ClCompile Include="BaseMap.cpp">
      <Filter>Map</Filter>
    </ClCompile>
    <ClCompile Include="Village.cpp">
      <Filter>Map\Village</Filter>
    </ClCompile>
    <ClCompile Include="ContentsDebugWindow.cpp">
      <Filter>ContentsGUI</Filter>
    </ClCompile>
    <ClCompile Include="MapObject.cpp">
      <Filter>MapObject</Filter>
    </ClCompile>
    <ClCompile Include="Player.cpp">
      <Filter>Level\PlayertestLevel\Actor</Filter>
    </ClCompile>
    <ClCompile Include="Player_State.cpp">
      <Filter>Level\PlayertestLevel\Actor</Filter>
    </ClCompile>
    <ClCompile Include="TitleMenu.cpp">
      <Filter>Level\UItestLevel</Filter>
    </ClCompile>
    <ClCompile Include="Intro.cpp">
      <Filter>Level\UItestLevel</Filter>
    </ClCompile>
    <ClCompile Include="MapUI.cpp">
      <Filter>Level\UItestLevel</Filter>
    </ClCompile>
    <ClCompile Include="PlayLobby.cpp">
      <Filter>Level\UItestLevel</Filter>
    </ClCompile>
    <ClCompile Include="MapSpriteObject.cpp">
      <Filter>MapObject</Filter>
    </ClCompile>
    <ClCompile Include="BrokenBlock.cpp">
      <Filter>MapObject</Filter>
    </ClCompile>
    <ClCompile Include="WaterCourse.cpp">
      <Filter>MapObject</Filter>
    </ClCompile>
    <ClCompile Include="WaterBomb.cpp">
      <Filter>MapObject</Filter>
    </ClCompile>
    <ClCompile Include="MapDebugGUI.cpp">
      <Filter>Map\Debug</Filter>
    </ClCompile>
    <ClCompile Include="Camp.cpp">
      <Filter>Map\Camp</Filter>
    </ClCompile>
    <ClCompile Include="MainGameMode.cpp">
      <Filter>Level\MainLevel</Filter>
    </ClCompile>
    <ClCompile Include="SubServerLevel.cpp">
      <Filter>Level\SubServerLevel</Filter>
    </ClCompile>
    <ClCompile Include="CAGameMode.cpp">
      <Filter>Level</Filter>
    </ClCompile>
    <ClCompile Include="ConstValue.cpp">
      <Filter>Option</Filter>
    </ClCompile>
    <ClCompile Include="CAObject.cpp" />
    <ClCompile Include="NetInterface.cpp" />
    <ClCompile Include="Player_Shadow.cpp">
      <Filter>Level\PlayertestLevel\Actor</Filter>
    </ClCompile>
    <ClCompile Include="CAObject.cpp">
      <Filter>Object</Filter>
    </ClCompile>
    <ClCompile Include="Block.cpp">
      <Filter>MapObject\Block</Filter>
    </ClCompile>
    <ClCompile Include="MoveBlock.cpp">
      <Filter>MapObject\MoveBlock</Filter>
    </ClCompile>
    <ClCompile Include="CampBlock.cpp">
      <Filter>MapObject\Block\CampBlock</Filter>
    </ClCompile>
    <ClCompile Include="CampMoveBlock.cpp">
      <Filter>MapObject\MoveBlock\CampMoveBlock</Filter>
    </ClCompile>
    <ClCompile Include="Item.cpp">
      <Filter>MapObject\Item</Filter>
    </ClCompile>
    <ClCompile Include="ItemBubble.cpp">
      <Filter>MapObject\Item</Filter>
    </ClCompile>
    <ClCompile Include="TestLobbyMode.cpp">
      <Filter>Level\ServerLevel\Test</Filter>
    </ClCompile>
    <ClCompile Include="NetInterface.cpp">
      <Filter>Level\ServerLevel</Filter>
    </ClCompile>
    <ClCompile Include="ServerGameMode.cpp">
      <Filter>Level\ServerLevel\Test</Filter>
    </ClCompile>
  </ItemGroup>
</Project>